<?xml version="1.0" encoding="utf-8"?>
<Project ToolsVersion="4.0" xmlns="http://schemas.microsoft.com/developer/msbuild/2003">
  <ItemGroup>
    <ClCompile Include="Src\Main.cpp">
      <Filter>Src</Filter>
    </ClCompile>
    <ClCompile Include="External\imgui\imgui.cpp">
      <Filter>External</Filter>
    </ClCompile>
    <ClCompile Include="External\imgui\imgui_demo.cpp">
      <Filter>External</Filter>
    </ClCompile>
    <ClCompile Include="External\imgui\imgui_draw.cpp">
      <Filter>External</Filter>
    </ClCompile>
    <ClCompile Include="External\imgui\imgui_impl_glfw.cpp">
      <Filter>External</Filter>
    </ClCompile>
    <ClCompile Include="External\imgui\imgui_impl_opengl2.cpp">
      <Filter>External</Filter>
    </ClCompile>
    <ClCompile Include="External\imgui\imgui_tables.cpp">
      <Filter>External</Filter>
    </ClCompile>
    <ClCompile Include="External\imgui\imgui_widgets.cpp">
      <Filter>External</Filter>
    </ClCompile>
    <ClCompile Include="Src\GameConnection.cpp">
      <Filter>Src</Filter>
    </ClCompile>
    <ClCompile Include="Src\GameConnectionManager.cpp">
      <Filter>Src</Filter>
    </ClCompile>
    <ClCompile Include="Src\GameConnectionRPCs.cpp">
      <Filter>Src</Filter>
    </ClCompile>
    <ClCompile Include="Src\ObservedGameMemory.cpp">
      <Filter>Src</Filter>
    </ClCompile>
    <ClCompile Include="Src\GameData.cpp">
      <Filter>Src</Filter>
    </ClCompile>
    <ClCompile Include="Src\Behaviours\MultiplayerBehaviour.cpp">
      <Filter>Src\Behaviours</Filter>
    </ClCompile>
    <ClCompile Include="Src\Timer.cpp">
      <Filter>Src</Filter>
    </ClCompile>
    <ClCompile Include="Src\Behaviours\CommonBehaviour.cpp">
      <Filter>Src\Behaviours</Filter>
    </ClCompile>
    <ClCompile Include="Src\UI\Window.cpp">
      <Filter>Src\UI</Filter>
    </ClCompile>
    <ClCompile Include="Src\UI\PrimaryUI.cpp">
      <Filter>Src\UI</Filter>
    </ClCompile>
    <ClCompile Include="Src\Assets.cpp">
      <Filter>Src</Filter>
    </ClCompile>
    <ClCompile Include="Src\Behaviours\HomeBoxBehaviour.cpp">
      <Filter>Src\Behaviours</Filter>
    </ClCompile>
    <ClCompile Include="Src\Bridge\GameMemoryTransport.cpp">
      <Filter>Src\Bridge</Filter>
    </ClCompile>
    <ClCompile Include="Src\Bridge\GameSession.cpp">
      <Filter>Src\Bridge</Filter>
    </ClCompile>
    <ClCompile Include="Src\Bridge\NativeLuaTransport.cpp">
      <Filter>Src\Bridge</Filter>
    </ClCompile>
    <ClCompile Include="Src\UserData.cpp">
      <Filter>Src</Filter>
    </ClCompile>
    <ClCompile Include="Src\DataStream.cpp">
      <Filter>Src</Filter>
    </ClCompile>
    <ClCompile Include="Src\LuaMain.cpp" />
    <ClCompile Include="Src\Platform\AppPaths.cpp">
      <Filter>Src\Platform</Filter>
    </ClCompile>
    <ClCompile Include="Src\Platform\Configuration.cpp">
      <Filter>Src\Platform</Filter>
    </ClCompile>
    <ClCompile Include="Src\Platform\FileSystem.cpp">
      <Filter>Src\Platform</Filter>
    </ClCompile>
    <ClCompile Include="Src\Platform\ResourceLocator.cpp">
      <Filter>Src\Platform</Filter>
    </ClCompile>
    <ClCompile Include="Src\Platform\Utf8.cpp">
      <Filter>Src\Platform</Filter>
    </ClCompile>
  </ItemGroup>
  <ItemGroup>
    <ClInclude Include="External\imgui\imstb_truetype.h">
      <Filter>External</Filter>
    </ClInclude>
    <ClInclude Include="External\imgui\imconfig.h">
      <Filter>External</Filter>
    </ClInclude>
    <ClInclude Include="External\imgui\imgui.h">
      <Filter>External</Filter>
    </ClInclude>
    <ClInclude Include="External\imgui\imgui_impl_glfw.h">
      <Filter>External</Filter>
    </ClInclude>
    <ClInclude Include="External\imgui\imgui_impl_opengl2.h">
      <Filter>External</Filter>
    </ClInclude>
    <ClInclude Include="External\imgui\imgui_internal.h">
      <Filter>External</Filter>
    </ClInclude>
    <ClInclude Include="External\imgui\imstb_rectpack.h">
      <Filter>External</Filter>
    </ClInclude>
    <ClInclude Include="External\imgui\imstb_textedit.h">
      <Filter>External</Filter>
    </ClInclude>
    <ClInclude Include="Inc\Log.h">
      <Filter>Inc</Filter>
    </ClInclude>
    <ClInclude Include="Inc\Defines.h">
      <Filter>Inc</Filter>
    </ClInclude>
    <ClInclude Include="Inc\GameConnection.h">
      <Filter>Inc</Filter>
    </ClInclude>
    <ClInclude Include="Inc\GameConnectionManager.h">
      <Filter>Inc</Filter>
    </ClInclude>
    <ClInclude Include="Inc\GameData.h">
      <Filter>Inc</Filter>
    </ClInclude>
    <ClInclude Include="Inc\GameConnectionRPCs.h">
      <Filter>Inc</Filter>
    </ClInclude>
    <ClInclude Include="Inc\ObservedGameMemory.h">
      <Filter>Inc</Filter>
    </ClInclude>
    <ClInclude Include="Inc\GameConnectionMessage.h">
      <Filter>Inc</Filter>
    </ClInclude>
    <ClInclude Include="Inc\GameConnectionBehaviour.h">
      <Filter>Inc</Filter>
    </ClInclude>
    <ClInclude Include="Inc\Behaviours\MultiplayerBehaviour.h">
      <Filter>Inc\Behaviours</Filter>
    </ClInclude>
    <ClInclude Include="Inc\Timer.h">
      <Filter>Inc</Filter>
    </ClInclude>
    <ClInclude Include="Inc\Behaviours\CommonBehaviour.h">
      <Filter>Inc\Behaviours</Filter>
    </ClInclude>
    <ClInclude Include="Inc\UI\Window.h">
      <Filter>Inc\UI</Filter>
    </ClInclude>
    <ClInclude Include="Inc\UI\PrimaryUI.h">
      <Filter>Inc\UI</Filter>
    </ClInclude>
    <ClInclude Include="Inc\Assets.h">
      <Filter>Inc</Filter>
    </ClInclude>
    <ClInclude Include="Inc\StringUtils.h">
      <Filter>Inc</Filter>
    </ClInclude>
    <ClInclude Include="Inc\Behaviours\HomeBoxBehaviour.h">
      <Filter>Inc\Behaviours</Filter>
    </ClInclude>
    <ClInclude Include="Inc\UserData.h">
      <Filter>Inc</Filter>
    </ClInclude>
    <ClInclude Include="Inc\DataStream.h">
      <Filter>Inc</Filter>
    </ClInclude>
    <ClInclude Include="Inc\Bridge\GameMemoryTransport.h">
      <Filter>Inc\Bridge</Filter>
    </ClInclude>
    <ClInclude Include="Inc\Bridge\GameSession.h">
      <Filter>Inc\Bridge</Filter>
    </ClInclude>
    <ClInclude Include="Inc\Bridge\NativeLuaTransport.h">
      <Filter>Inc\Bridge</Filter>
    </ClInclude>
    <ClInclude Include="External\glew-2.1.0\include\GL\eglew.h" />
    <ClInclude Include="External\glew-2.1.0\include\GL\glew.h" />
    <ClInclude Include="External\glew-2.1.0\include\GL\glxew.h" />
    <ClInclude Include="External\glew-2.1.0\include\GL\wglew.h" />
    <ClInclude Include="External\glfw-3.3.8\include\GLFW\glfw3.h" />
    <ClInclude Include="External\glfw-3.3.8\include\GLFW\glfw3native.h" />
    <ClInclude Include="External\SFML\include\SFML\Audio\AlResource.hpp" />
    <ClInclude Include="External\SFML\include\SFML\Audio\Export.hpp" />
    <ClInclude Include="External\SFML\include\SFML\Audio\InputSoundFile.hpp" />
    <ClInclude Include="External\SFML\include\SFML\Audio\Listener.hpp" />
    <ClInclude Include="External\SFML\include\SFML\Audio\Music.hpp" />
    <ClInclude Include="External\SFML\include\SFML\Audio\OutputSoundFile.hpp" />
    <ClInclude Include="External\SFML\include\SFML\Audio\Sound.hpp" />
    <ClInclude Include="External\SFML\include\SFML\Audio\SoundBuffer.hpp" />
    <ClInclude Include="External\SFML\include\SFML\Audio\SoundBufferRecorder.hpp" />
    <ClInclude Include="External\SFML\include\SFML\Audio\SoundFileFactory.hpp" />
    <ClInclude Include="External\SFML\include\SFML\Audio\SoundFileReader.hpp" />
    <ClInclude Include="External\SFML\include\SFML\Audio\SoundFileWriter.hpp" />
    <ClInclude Include="External\SFML\include\SFML\Audio\SoundRecorder.hpp" />
    <ClInclude Include="External\SFML\include\SFML\Audio\SoundSource.hpp" />
    <ClInclude Include="External\SFML\include\SFML\Audio\SoundStream.hpp" />
    <ClInclude Include="External\SFML\include\SFML\Graphics\BlendMode.hpp" />
    <ClInclude Include="External\SFML\include\SFML\Graphics\CircleShape.hpp" />
    <ClInclude Include="External\SFML\include\SFML\Graphics\Color.hpp" />
    <ClInclude Include="External\SFML\include\SFML\Graphics\ConvexShape.hpp" />
    <ClInclude Include="External\SFML\include\SFML\Graphics\Drawable.hpp" />
    <ClInclude Include="External\SFML\include\SFML\Graphics\Export.hpp" />
    <ClInclude Include="External\SFML\include\SFML\Graphics\Font.hpp" />
    <ClInclude Include="External\SFML\include\SFML\Graphics\Glsl.hpp" />
    <ClInclude Include="External\SFML\include\SFML\Graphics\Glyph.hpp" />
    <ClInclude Include="External\SFML\include\SFML\Graphics\Image.hpp" />
    <ClInclude Include="External\SFML\include\SFML\Graphics\PrimitiveType.hpp" />
    <ClInclude Include="External\SFML\include\SFML\Graphics\Rect.hpp" />
    <ClInclude Include="External\SFML\include\SFML\Graphics\RectangleShape.hpp" />
    <ClInclude Include="External\SFML\include\SFML\Graphics\RenderStates.hpp" />
    <ClInclude Include="External\SFML\include\SFML\Graphics\RenderTarget.hpp" />
    <ClInclude Include="External\SFML\include\SFML\Graphics\RenderTexture.hpp" />
    <ClInclude Include="External\SFML\include\SFML\Graphics\RenderWindow.hpp" />
    <ClInclude Include="External\SFML\include\SFML\Graphics\Shader.hpp" />
    <ClInclude Include="External\SFML\include\SFML\Graphics\Shape.hpp" />
    <ClInclude Include="External\SFML\include\SFML\Graphics\Sprite.hpp" />
    <ClInclude Include="External\SFML\include\SFML\Graphics\Text.hpp" />
    <ClInclude Include="External\SFML\include\SFML\Graphics\Texture.hpp" />
    <ClInclude Include="External\SFML\include\SFML\Graphics\Transform.hpp" />
    <ClInclude Include="External\SFML\include\SFML\Graphics\Transformable.hpp" />
    <ClInclude Include="External\SFML\include\SFML\Graphics\Vertex.hpp" />
    <ClInclude Include="External\SFML\include\SFML\Graphics\VertexArray.hpp" />
    <ClInclude Include="External\SFML\include\SFML\Graphics\VertexBuffer.hpp" />
    <ClInclude Include="External\SFML\include\SFML\Graphics\View.hpp" />
    <ClInclude Include="External\SFML\include\SFML\Network\Export.hpp" />
    <ClInclude Include="External\SFML\include\SFML\Network\Ftp.hpp" />
    <ClInclude Include="External\SFML\include\SFML\Network\Http.hpp" />
    <ClInclude Include="External\SFML\include\SFML\Network\IpAddress.hpp" />
    <ClInclude Include="External\SFML\include\SFML\Network\Packet.hpp" />
    <ClInclude Include="External\SFML\include\SFML\Network\Socket.hpp" />
    <ClInclude Include="External\SFML\include\SFML\Network\SocketHandle.hpp" />
    <ClInclude Include="External\SFML\include\SFML\Network\SocketSelector.hpp" />
    <ClInclude Include="External\SFML\include\SFML\Network\TcpListener.hpp" />
    <ClInclude Include="External\SFML\include\SFML\Network\TcpSocket.hpp" />
    <ClInclude Include="External\SFML\include\SFML\Network\UdpSocket.hpp" />
    <ClInclude Include="External\SFML\include\SFML\System\Clock.hpp" />
    <ClInclude Include="External\SFML\include\SFML\System\Err.hpp" />
    <ClInclude Include="External\SFML\include\SFML\System\Export.hpp" />
    <ClInclude Include="External\SFML\include\SFML\System\FileInputStream.hpp" />
    <ClInclude Include="External\SFML\include\SFML\System\InputStream.hpp" />
    <ClInclude Include="External\SFML\include\SFML\System\Lock.hpp" />
    <ClInclude Include="External\SFML\include\SFML\System\MemoryInputStream.hpp" />
    <ClInclude Include="External\SFML\include\SFML\System\Mutex.hpp" />
    <ClInclude Include="External\SFML\include\SFML\System\NativeActivity.hpp" />
    <ClInclude Include="External\SFML\include\SFML\System\NonCopyable.hpp" />
    <ClInclude Include="External\SFML\include\SFML\System\Sleep.hpp" />
    <ClInclude Include="External\SFML\include\SFML\System\String.hpp" />
    <ClInclude Include="External\SFML\include\SFML\System\Thread.hpp" />
    <ClInclude Include="External\SFML\include\SFML\System\ThreadLocal.hpp" />
    <ClInclude Include="External\SFML\include\SFML\System\ThreadLocalPtr.hpp" />
    <ClInclude Include="External\SFML\include\SFML\System\Time.hpp" />
    <ClInclude Include="External\SFML\include\SFML\System\Utf.hpp" />
    <ClInclude Include="External\SFML\include\SFML\System\Vector2.hpp" />
    <ClInclude Include="External\SFML\include\SFML\System\Vector3.hpp" />
    <ClInclude Include="External\SFML\include\SFML\Window\Clipboard.hpp" />
    <ClInclude Include="External\SFML\include\SFML\Window\Context.hpp" />
    <ClInclude Include="External\SFML\include\SFML\Window\ContextSettings.hpp" />
    <ClInclude Include="External\SFML\include\SFML\Window\Cursor.hpp" />
    <ClInclude Include="External\SFML\include\SFML\Window\Event.hpp" />
    <ClInclude Include="External\SFML\include\SFML\Window\Export.hpp" />
    <ClInclude Include="External\SFML\include\SFML\Window\GlResource.hpp" />
    <ClInclude Include="External\SFML\include\SFML\Window\Joystick.hpp" />
    <ClInclude Include="External\SFML\include\SFML\Window\Keyboard.hpp" />
    <ClInclude Include="External\SFML\include\SFML\Window\Mouse.hpp" />
    <ClInclude Include="External\SFML\include\SFML\Window\Sensor.hpp" />
    <ClInclude Include="External\SFML\include\SFML\Window\Touch.hpp" />
    <ClInclude Include="External\SFML\include\SFML\Window\VideoMode.hpp" />
    <ClInclude Include="External\SFML\include\SFML\Window\Vulkan.hpp" />
    <ClInclude Include="External\SFML\include\SFML\Window\Window.hpp" />
    <ClInclude Include="External\SFML\include\SFML\Window\WindowBase.hpp" />
    <ClInclude Include="External\SFML\include\SFML\Window\WindowHandle.hpp" />
    <ClInclude Include="External\SFML\include\SFML\Window\WindowStyle.hpp" />
    <ClInclude Include="External\SFML\include\SFML\Audio.hpp" />
    <ClInclude Include="External\SFML\include\SFML\Config.hpp" />
    <ClInclude Include="External\SFML\include\SFML\GpuPreference.hpp" />
    <ClInclude Include="External\SFML\include\SFML\Graphics.hpp" />
    <ClInclude Include="External\SFML\include\SFML\Main.hpp" />
    <ClInclude Include="External\SFML\include\SFML\Network.hpp" />
    <ClInclude Include="External\SFML\include\SFML\OpenGL.hpp" />
    <ClInclude Include="External\SFML\include\SFML\System.hpp" />
    <ClInclude Include="External\SFML\include\SFML\Window.hpp" />
    <ClInclude Include="Inc\GameDataRequest.h" />
    <ClInclude Include="Inc\Endian.h">
      <Filter>Inc</Filter>
    </ClInclude>
    <ClInclude Include="Inc\Platform\AppPaths.h">
      <Filter>Inc\Platform</Filter>
    </ClInclude>
    <ClInclude Include="Inc\Platform\Configuration.h">
      <Filter>Inc\Platform</Filter>
    </ClInclude>
    <ClInclude Include="Inc\Platform\FileSystem.h">
      <Filter>Inc\Platform</Filter>
    </ClInclude>
    <ClInclude Include="Inc\Platform\ResourceLocator.h">
      <Filter>Inc\Platform</Filter>
    </ClInclude>
    <ClInclude Include="Inc\Platform\Utf8.h">
      <Filter>Inc\Platform</Filter>
    </ClInclude>
  </ItemGroup>
  <ItemGroup>
    <Filter Include="External">
      <UniqueIdentifier>{e4417e76-16cd-49e2-a768-7d0b9f67bd8e}</UniqueIdentifier>
    </Filter>
    <Filter Include="Src">
      <UniqueIdentifier>{b0994a8c-46cc-42da-9357-3741dcdb6f50}</UniqueIdentifier>
    </Filter>
    <Filter Include="Inc">
      <UniqueIdentifier>{af55443b-3dcc-4987-bd7e-38ae5bd59537}</UniqueIdentifier>
    </Filter>
    <Filter Include="Inc\Behaviours">
      <UniqueIdentifier>{84f54e61-f7c0-4476-a8db-46a0edde9dc3}</UniqueIdentifier>
    </Filter>
    <Filter Include="Src\Behaviours">
      <UniqueIdentifier>{b1977417-dc41-456e-9ceb-c30e9975a76b}</UniqueIdentifier>
    </Filter>
    <Filter Include="Inc\Bridge">
      <UniqueIdentifier>{35B3D9EA-F8B0-4C7C-9227-6EE77A2939CF}</UniqueIdentifier>
    </Filter>
    <Filter Include="Src\Bridge">
      <UniqueIdentifier>{29EBD0CD-1244-4241-90A3-CC83D75DD8B5}</UniqueIdentifier>
    </Filter>
    <Filter Include="Inc\UI">
      <UniqueIdentifier>{85c1db9b-57d9-4640-8e88-d07189f2c068}</UniqueIdentifier>
    </Filter>
    <Filter Include="Src\UI">
      <UniqueIdentifier>{807a428c-7dd3-4788-b9ba-3dc50438f964}</UniqueIdentifier>
    </Filter>
    <Filter Include="Inc\Platform">
      <UniqueIdentifier>{b29e0f95-0927-446f-a80c-fcf7aeeea674}</UniqueIdentifier>
    </Filter>
    <Filter Include="Src\Platform">
      <UniqueIdentifier>{07ff41da-b765-4785-bf66-8bb4ff6a3378}</UniqueIdentifier>
    </Filter>
  </ItemGroup>
  <ItemGroup>
    <None Include="Assets\RogueAssistant_mGBA.lua" />
    <None Include="External\SFML\include\SFML\Audio\SoundFileFactory.inl" />
    <None Include="External\SFML\include\SFML\Graphics\Glsl.inl" />
    <None Include="External\SFML\include\SFML\Graphics\Rect.inl" />
    <None Include="External\SFML\include\SFML\System\String.inl" />
    <None Include="External\SFML\include\SFML\System\Thread.inl" />
    <None Include="External\SFML\include\SFML\System\ThreadLocalPtr.inl" />
    <None Include="External\SFML\include\SFML\System\Utf.inl" />
    <None Include="External\SFML\include\SFML\System\Vector2.inl" />
    <None Include="External\SFML\include\SFML\System\Vector3.inl" />
  </ItemGroup>
</Project>